{
  "name": "frontend",
  "lockfileVersion": 2,
  "requires": true,
  "packages": {
    "": {
      "dependencies": {
        "@fortawesome/angular-fontawesome": "^0.11.1"
      }
    },
    "node_modules/@angular/core": {
      "version": "14.2.4",
      "resolved": "https://registry.npmjs.org/@angular/core/-/core-14.2.4.tgz",
      "integrity": "sha512-wB19wKmZE+X07mLbxYyqeg3v1JXy8m0+ShZD2oY3dmgk1mXOf5XVQxRZohGTrbPw83EdSWwx3vz+jjylGunVZQ==",
      "peer": true,
      "dependencies": {
        "tslib": "^2.3.0"
      },
      "engines": {
        "node": "^14.15.0 || >=16.10.0"
      },
      "peerDependencies": {
        "rxjs": "^6.5.3 || ^7.4.0",
        "zone.js": "~0.11.4"
      }
    },
    "node_modules/@fortawesome/angular-fontawesome": {
      "version": "0.11.1",
      "resolved": "https://registry.npmjs.org/@fortawesome/angular-fontawesome/-/angular-fontawesome-0.11.1.tgz",
      "integrity": "sha512-Ngzm5MVxk76ZhYpPTNOI/mpYNz9bzwfBXC5L9mktLgOONjBuYBPVt+bH8lny8hNtDk0ppZzXsMN6CO7hckdfnw==",
      "dependencies": {
        "tslib": "^2.4.0"
      },
      "peerDependencies": {
        "@angular/core": "^14.0.0",
        "@fortawesome/fontawesome-svg-core": "~1.2.27 || ~1.3.0-beta2 || ^6.1.0"
      }
    },
    "node_modules/@fortawesome/fontawesome-common-types": {
      "version": "6.2.0",
      "resolved": "https://registry.npmjs.org/@fortawesome/fontawesome-common-types/-/fontawesome-common-types-6.2.0.tgz",
      "integrity": "sha512-rBevIsj2nclStJ7AxTdfsa3ovHb1H+qApwrxcTVo+NNdeJiB9V75hsKfrkG5AwNcRUNxrPPiScGYCNmLMoh8pg==",
      "hasInstallScript": true,
      "peer": true,
      "engines": {
        "node": ">=6"
      }
    },
    "node_modules/@fortawesome/fontawesome-svg-core": {
      "version": "6.2.0",
      "resolved": "https://registry.npmjs.org/@fortawesome/fontawesome-svg-core/-/fontawesome-svg-core-6.2.0.tgz",
      "integrity": "sha512-Cf2mAAeMWFMzpLC7Y9H1I4o3wEU+XovVJhTiNG8ZNgSQj53yl7OCJaS80K4YjrABWZzbAHVaoHE1dVJ27AAYXw==",
      "hasInstallScript": true,
      "peer": true,
      "dependencies": {
        "@fortawesome/fontawesome-common-types": "6.2.0"
      },
      "engines": {
        "node": ">=6"
      }
    },
    "node_modules/rxjs": {
      "version": "7.5.7",
      "resolved": "https://registry.npmjs.org/rxjs/-/rxjs-7.5.7.tgz",
      "integrity": "sha512-z9MzKh/UcOqB3i20H6rtrlaE/CgjLOvheWK/9ILrbhROGTweAi1BaFsTT9FbwZi5Trr1qNRs+MXkhmR06awzQA==",
      "peer": true,
      "dependencies": {
        "tslib": "^2.1.0"
      }
    },
    "node_modules/tslib": {
      "version": "2.4.0",
      "resolved": "https://registry.npmjs.org/tslib/-/tslib-2.4.0.tgz",
      "integrity": "sha512-d6xOpEDfsi2CZVlPQzGeux8XMwLT9hssAsaPYExaQMuYskwb+x1x7J371tWlbBdWHroy99KnVB6qIkUbs5X3UQ=="
    },
    "node_modules/zone.js": {
      "version": "0.11.8",
      "resolved": "https://registry.npmjs.org/zone.js/-/zone.js-0.11.8.tgz",
      "integrity": "sha512-82bctBg2hKcEJ21humWIkXRlLBBmrc3nN7DFh5LGGhcyycO2S7FN8NmdvlcKaGFDNVL4/9kFLmwmInTavdJERA==",
      "peer": true,
      "dependencies": {
        "tslib": "^2.3.0"
      }
    }
  },
  "dependencies": {
    "@angular/core": {
      "version": "14.2.4",
      "resolved": "https://registry.npmjs.org/@angular/core/-/core-14.2.4.tgz",
      "integrity": "sha512-wB19wKmZE+X07mLbxYyqeg3v1JXy8m0+ShZD2oY3dmgk1mXOf5XVQxRZohGTrbPw83EdSWwx3vz+jjylGunVZQ==",
      "peer": true,
      "requires": {
        "tslib": "^2.3.0"
      }
    },
    "@fortawesome/angular-fontawesome": {
      "version": "0.11.1",
      "resolved": "https://registry.npmjs.org/@fortawesome/angular-fontawesome/-/angular-fontawesome-0.11.1.tgz",
      "integrity": "sha512-Ngzm5MVxk76ZhYpPTNOI/mpYNz9bzwfBXC5L9mktLgOONjBuYBPVt+bH8lny8hNtDk0ppZzXsMN6CO7hckdfnw==",
      "requires": {
        "tslib": "^2.4.0"
      }
    },
    "@fortawesome/fontawesome-common-types": {
      "version": "6.2.0",
      "resolved": "https://registry.npmjs.org/@fortawesome/fontawesome-common-types/-/fontawesome-common-types-6.2.0.tgz",
      "integrity": "sha512-rBevIsj2nclStJ7AxTdfsa3ovHb1H+qApwrxcTVo+NNdeJiB9V75hsKfrkG5AwNcRUNxrPPiScGYCNmLMoh8pg==",
      "peer": true
    },
    "@fortawesome/fontawesome-svg-core": {
      "version": "6.2.0",
      "resolved": "https://registry.npmjs.org/@fortawesome/fontawesome-svg-core/-/fontawesome-svg-core-6.2.0.tgz",
      "integrity": "sha512-Cf2mAAeMWFMzpLC7Y9H1I4o3wEU+XovVJhTiNG8ZNgSQj53yl7OCJaS80K4YjrABWZzbAHVaoHE1dVJ27AAYXw==",
      "peer": true,
      "requires": {
        "@fortawesome/fontawesome-common-types": "6.2.0"
      }
    },
    "rxjs": {
      "version": "7.5.7",
      "resolved": "https://registry.npmjs.org/rxjs/-/rxjs-7.5.7.tgz",
      "integrity": "sha512-z9MzKh/UcOqB3i20H6rtrlaE/CgjLOvheWK/9ILrbhROGTweAi1BaFsTT9FbwZi5Trr1qNRs+MXkhmR06awzQA==",
      "peer": true,
      "requires": {
        "tslib": "^2.1.0"
      }
    },
    "tslib": {
      "version": "2.4.0",
      "resolved": "https://registry.npmjs.org/tslib/-/tslib-2.4.0.tgz",
      "integrity": "sha512-d6xOpEDfsi2CZVlPQzGeux8XMwLT9hssAsaPYExaQMuYskwb+x1x7J371tWlbBdWHroy99KnVB6qIkUbs5X3UQ=="
    },
    "zone.js": {
      "version": "0.11.8",
      "resolved": "https://registry.npmjs.org/zone.js/-/zone.js-0.11.8.tgz",
      "integrity": "sha512-82bctBg2hKcEJ21humWIkXRlLBBmrc3nN7DFh5LGGhcyycO2S7FN8NmdvlcKaGFDNVL4/9kFLmwmInTavdJERA==",
      "peer": true,
      "requires": {
        "tslib": "^2.3.0"
      }
    }
  }
}
